github.com/sashabaranov/go-openai v1.15.4 h1:BXCR0Uxk5RipeY4yBC7g6pBVfcjh8jwrMNOYdie6yuk=
github.com/sashabaranov/go-openai v1.15.4/go.mod h1:lj5b/K+zjTSFxVLijLSTDZuP7adOgerWeFyZLUhAKRg=
golang.org/x/text v0.13.0 h1:ablQoSUd0tRdKxZewP80B+BaqeKJuVhuRxj/dkrun3k=
golang.org/x/text v0.13.0/go.mod h1:TvPlkZtksWOMsz7fbANvkp4WM8x/WCo/om8BMLbz+aE=
